
Microsoft Visual Studio Solution File, Format Version 12.00
# Visual Studio 14
VisualStudioVersion = 14.0.25420.1
MinimumVisualStudioVersion = 10.0.40219.1
Project("{8BC9CEB8-8B4A-11D0-8D11-00A0C91BC942}") = "ciupClientDll", "CIUPclientDLL\CIUPclientDLL.vcxproj", "{D65637DB-9539-4753-A306-E6ED25B5D537}"
EndProject
Project("{8BC9CEB8-8B4A-11D0-8D11-00A0C91BC942}") = "ciupClientTest", "ciupClientTest\ciupClientTest.vcxproj", "{C9CEA630-2E4B-4EA6-8CFA-ECCEF9837E63}"
EndProject
Project("{8BC9CEB8-8B4A-11D0-8D11-00A0C91BC942}") = "ciupServerTest", "ciupServerTest\ciupServerTest.vcxproj", "{5FF0A85D-8C17-491E-B87E-5AEFA97C6D41}"
EndProject
Project("{8BC9CEB8-8B4A-11D0-8D11-00A0C91BC942}") = "w32_udp_socket_test", "w32_udp_socket_test\w32_udp_socket_test.vcxproj", "{DA0FBDE3-9746-4036-B35B-26109FFB9C00}"
EndProject
Project("{FAE04EC0-301F-11D3-BF4B-00C04F79EFBC}") = "ciupClientTest-csc", "ciupClientTest-csc\ciupClientTest-csc.csproj", "{F0B07A34-5E82-4989-8234-7E1FA274CD4D}"
	ProjectSection(ProjectDependencies) = postProject
		{D65637DB-9539-4753-A306-E6ED25B5D537} = {D65637DB-9539-4753-A306-E6ED25B5D537}
	EndProjectSection
EndProject
Global
	GlobalSection(SolutionConfigurationPlatforms) = preSolution
		Debug|Any CPU = Debug|Any CPU
		Debug|x64 = Debug|x64
		Debug|x86 = Debug|x86
		Release|Any CPU = Release|Any CPU
		Release|x64 = Release|x64
		Release|x86 = Release|x86
	EndGlobalSection
	GlobalSection(ProjectConfigurationPlatforms) = postSolution
		{D65637DB-9539-4753-A306-E6ED25B5D537}.Debug|Any CPU.ActiveCfg = Debug|Win32
		{D65637DB-9539-4753-A306-E6ED25B5D537}.Debug|x64.ActiveCfg = Debug|x64
		{D65637DB-9539-4753-A306-E6ED25B5D537}.Debug|x64.Build.0 = Debug|x64
		{D65637DB-9539-4753-A306-E6ED25B5D537}.Debug|x86.ActiveCfg = Debug|Win32
		{D65637DB-9539-4753-A306-E6ED25B5D537}.Debug|x86.Build.0 = Debug|Win32
		{D65637DB-9539-4753-A306-E6ED25B5D537}.Release|Any CPU.ActiveCfg = Release|Win32
		{D65637DB-9539-4753-A306-E6ED25B5D537}.Release|x64.ActiveCfg = Release|x64
		{D65637DB-9539-4753-A306-E6ED25B5D537}.Release|x64.Build.0 = Release|x64
		{D65637DB-9539-4753-A306-E6ED25B5D537}.Release|x86.ActiveCfg = Release|Win32
		{D65637DB-9539-4753-A306-E6ED25B5D537}.Release|x86.Build.0 = Release|Win32
		{C9CEA630-2E4B-4EA6-8CFA-ECCEF9837E63}.Debug|Any CPU.ActiveCfg = Debug|Win32
		{C9CEA630-2E4B-4EA6-8CFA-ECCEF9837E63}.Debug|x64.ActiveCfg = Debug|x64
		{C9CEA630-2E4B-4EA6-8CFA-ECCEF9837E63}.Debug|x64.Build.0 = Debug|x64
		{C9CEA630-2E4B-4EA6-8CFA-ECCEF9837E63}.Debug|x86.ActiveCfg = Debug|Win32
		{C9CEA630-2E4B-4EA6-8CFA-ECCEF9837E63}.Debug|x86.Build.0 = Debug|Win32
		{C9CEA630-2E4B-4EA6-8CFA-ECCEF9837E63}.Release|Any CPU.ActiveCfg = Release|Win32
		{C9CEA630-2E4B-4EA6-8CFA-ECCEF9837E63}.Release|x64.ActiveCfg = Release|x64
		{C9CEA630-2E4B-4EA6-8CFA-ECCEF9837E63}.Release|x64.Build.0 = Release|x64
		{C9CEA630-2E4B-4EA6-8CFA-ECCEF9837E63}.Release|x86.ActiveCfg = Release|Win32
		{C9CEA630-2E4B-4EA6-8CFA-ECCEF9837E63}.Release|x86.Build.0 = Release|Win32
		{5FF0A85D-8C17-491E-B87E-5AEFA97C6D41}.Debug|Any CPU.ActiveCfg = Debug|Win32
		{5FF0A85D-8C17-491E-B87E-5AEFA97C6D41}.Debug|x64.ActiveCfg = Debug|x64
		{5FF0A85D-8C17-491E-B87E-5AEFA97C6D41}.Debug|x64.Build.0 = Debug|x64
		{5FF0A85D-8C17-491E-B87E-5AEFA97C6D41}.Debug|x86.ActiveCfg = Debug|Win32
		{5FF0A85D-8C17-491E-B87E-5AEFA97C6D41}.Debug|x86.Build.0 = Debug|Win32
		{5FF0A85D-8C17-491E-B87E-5AEFA97C6D41}.Release|Any CPU.ActiveCfg = Release|Win32
		{5FF0A85D-8C17-491E-B87E-5AEFA97C6D41}.Release|x64.ActiveCfg = Release|x64
		{5FF0A85D-8C17-491E-B87E-5AEFA97C6D41}.Release|x64.Build.0 = Release|x64
		{5FF0A85D-8C17-491E-B87E-5AEFA97C6D41}.Release|x86.ActiveCfg = Release|Win32
		{5FF0A85D-8C17-491E-B87E-5AEFA97C6D41}.Release|x86.Build.0 = Release|Win32
		{DA0FBDE3-9746-4036-B35B-26109FFB9C00}.Debug|Any CPU.ActiveCfg = Debug|Win32
		{DA0FBDE3-9746-4036-B35B-26109FFB9C00}.Debug|x64.ActiveCfg = Debug|x64
		{DA0FBDE3-9746-4036-B35B-26109FFB9C00}.Debug|x64.Build.0 = Debug|x64
		{DA0FBDE3-9746-4036-B35B-26109FFB9C00}.Debug|x86.ActiveCfg = Debug|Win32
		{DA0FBDE3-9746-4036-B35B-26109FFB9C00}.Debug|x86.Build.0 = Debug|Win32
		{DA0FBDE3-9746-4036-B35B-26109FFB9C00}.Release|Any CPU.ActiveCfg = Release|Win32
		{DA0FBDE3-9746-4036-B35B-26109FFB9C00}.Release|x64.ActiveCfg = Release|x64
		{DA0FBDE3-9746-4036-B35B-26109FFB9C00}.Release|x64.Build.0 = Release|x64
		{DA0FBDE3-9746-4036-B35B-26109FFB9C00}.Release|x86.ActiveCfg = Release|Win32
		{DA0FBDE3-9746-4036-B35B-26109FFB9C00}.Release|x86.Build.0 = Release|Win32
		{F0B07A34-5E82-4989-8234-7E1FA274CD4D}.Debug|Any CPU.ActiveCfg = Debug|Any CPU
		{F0B07A34-5E82-4989-8234-7E1FA274CD4D}.Debug|Any CPU.Build.0 = Debug|Any CPU
		{F0B07A34-5E82-4989-8234-7E1FA274CD4D}.Debug|x64.ActiveCfg = Debug|Any CPU
		{F0B07A34-5E82-4989-8234-7E1FA274CD4D}.Debug|x64.Build.0 = Debug|Any CPU
		{F0B07A34-5E82-4989-8234-7E1FA274CD4D}.Debug|x86.ActiveCfg = Debug|Any CPU
		{F0B07A34-5E82-4989-8234-7E1FA274CD4D}.Debug|x86.Build.0 = Debug|Any CPU
		{F0B07A34-5E82-4989-8234-7E1FA274CD4D}.Release|Any CPU.ActiveCfg = Release|Any CPU
		{F0B07A34-5E82-4989-8234-7E1FA274CD4D}.Release|Any CPU.Build.0 = Release|Any CPU
		{F0B07A34-5E82-4989-8234-7E1FA274CD4D}.Release|x64.ActiveCfg = Release|Any CPU
		{F0B07A34-5E82-4989-8234-7E1FA274CD4D}.Release|x64.Build.0 = Release|Any CPU
		{F0B07A34-5E82-4989-8234-7E1FA274CD4D}.Release|x86.ActiveCfg = Release|Any CPU
		{F0B07A34-5E82-4989-8234-7E1FA274CD4D}.Release|x86.Build.0 = Release|Any CPU
	EndGlobalSection
	GlobalSection(SolutionProperties) = preSolution
		HideSolutionNode = FALSE
	EndGlobalSection
EndGlobal
